
Microsoft Visual Studio Solution File, Format Version 12.00
# Visual Studio Version 17
VisualStudioVersion = 17.3.32611.2
MinimumVisualStudioVersion = 10.0.40219.1
Project("{FAE04EC0-301F-11D3-BF4B-00C04F79EFBC}") = "ParallelProgrammingExamples", "ParallelProgrammingExamples.csproj", "{CCB32DDF-4070-4D01-A0A1-62FFABFE00A7}"
EndProject
Global
	GlobalSection(SolutionConfigurationPlatforms) = preSolution
		Debug|Any CPU = Debug|Any CPU
		Release|Any CPU = Release|Any CPU
	EndGlobalSection
	GlobalSection(ProjectConfigurationPlatforms) = postSolution
		{CCB32DDF-4070-4D01-A0A1-62FFABFE00A7}.Debug|Any CPU.ActiveCfg = Debug|Any CPU
		{CCB32DDF-4070-4D01-A0A1-62FFABFE00A7}.Debug|Any CPU.Build.0 = Debug|Any CPU
		{CCB32DDF-4070-4D01-A0A1-62FFABFE00A7}.Release|Any CPU.ActiveCfg = Release|Any CPU
		{CCB32DDF-4070-4D01-A0A1-62FFABFE00A7}.Release|Any CPU.Build.0 = Release|Any CPU
	EndGlobalSection
	GlobalSection(SolutionProperties) = preSolution
		HideSolutionNode = FALSE
	EndGlobalSection
	GlobalSection(ExtensibilityGlobals) = postSolution
		SolutionGuid = {C3CBFB5C-D03C-4334-A264-6FFA0ACB3BFC}
	EndGlobalSection
EndGlobal
